
Microsoft Visual Studio Solution File, Format Version 12.00
# Visual Studio Version 17
VisualStudioVersion = 17.4.33103.184
MinimumVisualStudioVersion = 10.0.40219.1
Project("{FAE04EC0-301F-11D3-BF4B-00C04F79EFBC}") = "Music_Box", "Music_Box.csproj", "{68E502EE-C360-467F-85E5-968A93EE0F56}"
EndProject
Global
	GlobalSection(SolutionConfigurationPlatforms) = preSolution
		Debug|Any CPU = Debug|Any CPU
		Release|Any CPU = Release|Any CPU
	EndGlobalSection
	GlobalSection(ProjectConfigurationPlatforms) = postSolution
		{68E502EE-C360-467F-85E5-968A93EE0F56}.Debug|Any CPU.ActiveCfg = Debug|Any CPU
		{68E502EE-C360-467F-85E5-968A93EE0F56}.Debug|Any CPU.Build.0 = Debug|Any CPU
		{68E502EE-C360-467F-85E5-968A93EE0F56}.Release|Any CPU.ActiveCfg = Release|Any CPU
		{68E502EE-C360-467F-85E5-968A93EE0F56}.Release|Any CPU.Build.0 = Release|Any CPU
	EndGlobalSection
	GlobalSection(SolutionProperties) = preSolution
		HideSolutionNode = FALSE
	EndGlobalSection
	GlobalSection(ExtensibilityGlobals) = postSolution
		SolutionGuid = {E86391D3-F55C-4913-96B5-A88A984E496D}
	EndGlobalSection
EndGlobal
